
Microsoft Visual Studio Solution File, Format Version 12.00
# Visual Studio Version 16
VisualStudioVersion = 16.0.810.20
MinimumVisualStudioVersion = 10.0.40219.1
Project("{FAE04EC0-301F-11D3-BF4B-00C04F79EFBC}") = "bunnyanTextGame", "bunnyanTextGame\bunnyanTextGame.csproj", "{F57F5BDB-C82E-4BD5-84E4-F97D39EC3E77}"
EndProject
Global
	GlobalSection(SolutionConfigurationPlatforms) = preSolution
		Debug|Any CPU = Debug|Any CPU
		Release|Any CPU = Release|Any CPU
	EndGlobalSection
	GlobalSection(ProjectConfigurationPlatforms) = postSolution
		{F57F5BDB-C82E-4BD5-84E4-F97D39EC3E77}.Debug|Any CPU.ActiveCfg = Debug|Any CPU
		{F57F5BDB-C82E-4BD5-84E4-F97D39EC3E77}.Debug|Any CPU.Build.0 = Debug|Any CPU
		{F57F5BDB-C82E-4BD5-84E4-F97D39EC3E77}.Release|Any CPU.ActiveCfg = Release|Any CPU
		{F57F5BDB-C82E-4BD5-84E4-F97D39EC3E77}.Release|Any CPU.Build.0 = Release|Any CPU
	EndGlobalSection
	GlobalSection(SolutionProperties) = preSolution
		HideSolutionNode = FALSE
	EndGlobalSection
	GlobalSection(ExtensibilityGlobals) = postSolution
		SolutionGuid = {A918D658-C49C-41B8-BB8A-8053BCD008B5}
	EndGlobalSection
EndGlobal
